
Microsoft Visual Studio Solution File, Format Version 12.00
# Visual Studio 15
VisualStudioVersion = 15.0.26730.16
MinimumVisualStudioVersion = 10.0.40219.1
Project("{FAE04EC0-301F-11D3-BF4B-00C04F79EFBC}") = "Json", "Json\Json.csproj", "{BBD6D2F2-A4C2-4D49-BC63-06A948A1AC70}"
EndProject
Global
	GlobalSection(SolutionConfigurationPlatforms) = preSolution
		Debug|Any CPU = Debug|Any CPU
		Release|Any CPU = Release|Any CPU
	EndGlobalSection
	GlobalSection(ProjectConfigurationPlatforms) = postSolution
		{BBD6D2F2-A4C2-4D49-BC63-06A948A1AC70}.Debug|Any CPU.ActiveCfg = Debug|Any CPU
		{BBD6D2F2-A4C2-4D49-BC63-06A948A1AC70}.Debug|Any CPU.Build.0 = Debug|Any CPU
		{BBD6D2F2-A4C2-4D49-BC63-06A948A1AC70}.Release|Any CPU.ActiveCfg = Release|Any CPU
		{BBD6D2F2-A4C2-4D49-BC63-06A948A1AC70}.Release|Any CPU.Build.0 = Release|Any CPU
	EndGlobalSection
	GlobalSection(SolutionProperties) = preSolution
		HideSolutionNode = FALSE
	EndGlobalSection
	GlobalSection(ExtensibilityGlobals) = postSolution
		SolutionGuid = {5E411C67-0319-4C5F-9FD1-50C52E36E210}
	EndGlobalSection
EndGlobal
